
Microsoft Visual Studio Solution File, Format Version 12.00
# Visual Studio Version 16
VisualStudioVersion = 16.0.30709.132
MinimumVisualStudioVersion = 10.0.40219.1
Project("{F2A71F9B-5D33-465A-A702-920D77279786}") = "LR6.12(1.27)", "LR6.12(1.27)\LR6.12(1.27).fsproj", "{C041E905-A9BE-424C-951F-5C19D108A450}"
EndProject
Global
	GlobalSection(SolutionConfigurationPlatforms) = preSolution
		Debug|Any CPU = Debug|Any CPU
		Release|Any CPU = Release|Any CPU
	EndGlobalSection
	GlobalSection(ProjectConfigurationPlatforms) = postSolution
		{C041E905-A9BE-424C-951F-5C19D108A450}.Debug|Any CPU.ActiveCfg = Debug|Any CPU
		{C041E905-A9BE-424C-951F-5C19D108A450}.Debug|Any CPU.Build.0 = Debug|Any CPU
		{C041E905-A9BE-424C-951F-5C19D108A450}.Release|Any CPU.ActiveCfg = Release|Any CPU
		{C041E905-A9BE-424C-951F-5C19D108A450}.Release|Any CPU.Build.0 = Release|Any CPU
	EndGlobalSection
	GlobalSection(SolutionProperties) = preSolution
		HideSolutionNode = FALSE
	EndGlobalSection
	GlobalSection(ExtensibilityGlobals) = postSolution
		SolutionGuid = {14644C63-F469-4978-B8FA-7E0A423CBB1B}
	EndGlobalSection
EndGlobal
