
Microsoft Visual Studio Solution File, Format Version 12.00
# Visual Studio Version 16
VisualStudioVersion = 16.0.30709.132
MinimumVisualStudioVersion = 10.0.40219.1
Project("{F2A71F9B-5D33-465A-A702-920D77279786}") = "LR7.20", "LR7.20\LR7.20.fsproj", "{B4C66C5B-32CB-46EC-9CED-CA68C5098395}"
EndProject
Global
	GlobalSection(SolutionConfigurationPlatforms) = preSolution
		Debug|Any CPU = Debug|Any CPU
		Release|Any CPU = Release|Any CPU
	EndGlobalSection
	GlobalSection(ProjectConfigurationPlatforms) = postSolution
		{B4C66C5B-32CB-46EC-9CED-CA68C5098395}.Debug|Any CPU.ActiveCfg = Debug|Any CPU
		{B4C66C5B-32CB-46EC-9CED-CA68C5098395}.Debug|Any CPU.Build.0 = Debug|Any CPU
		{B4C66C5B-32CB-46EC-9CED-CA68C5098395}.Release|Any CPU.ActiveCfg = Release|Any CPU
		{B4C66C5B-32CB-46EC-9CED-CA68C5098395}.Release|Any CPU.Build.0 = Release|Any CPU
	EndGlobalSection
	GlobalSection(SolutionProperties) = preSolution
		HideSolutionNode = FALSE
	EndGlobalSection
	GlobalSection(ExtensibilityGlobals) = postSolution
		SolutionGuid = {C5F71E37-70F7-4058-8FFE-1CD9C870DD4C}
	EndGlobalSection
EndGlobal
